
Microsoft Visual Studio Solution File, Format Version 12.00
# Visual Studio Version 16
VisualStudioVersion = 16.0.31727.386
MinimumVisualStudioVersion = 10.0.40219.1
Project("{FAE04EC0-301F-11D3-BF4B-00C04F79EFBC}") = "Spotzer.Media.API", "Spotzer.Media.API\Spotzer.Media.API.csproj", "{2329CB05-6F82-40BA-9554-A46459DECD8E}"
EndProject
Project("{FAE04EC0-301F-11D3-BF4B-00C04F79EFBC}") = "Spotzer.Media.Application", "Spotzer.Media.Application\Spotzer.Media.Application.csproj", "{891DCE8A-8D26-4E26-A8EA-A915EA3F0A84}"
EndProject
Project("{FAE04EC0-301F-11D3-BF4B-00C04F79EFBC}") = "Spotzer.Media.Test", "Spotzer.Media.Test\Spotzer.Media.Test.csproj", "{CFABA65D-4ADA-4529-A053-09C39332E2F2}"
EndProject
Global
	GlobalSection(SolutionConfigurationPlatforms) = preSolution
		Debug|Any CPU = Debug|Any CPU
		Release|Any CPU = Release|Any CPU
	EndGlobalSection
	GlobalSection(ProjectConfigurationPlatforms) = postSolution
		{2329CB05-6F82-40BA-9554-A46459DECD8E}.Debug|Any CPU.ActiveCfg = Debug|Any CPU
		{2329CB05-6F82-40BA-9554-A46459DECD8E}.Debug|Any CPU.Build.0 = Debug|Any CPU
		{2329CB05-6F82-40BA-9554-A46459DECD8E}.Release|Any CPU.ActiveCfg = Release|Any CPU
		{2329CB05-6F82-40BA-9554-A46459DECD8E}.Release|Any CPU.Build.0 = Release|Any CPU
		{891DCE8A-8D26-4E26-A8EA-A915EA3F0A84}.Debug|Any CPU.ActiveCfg = Debug|Any CPU
		{891DCE8A-8D26-4E26-A8EA-A915EA3F0A84}.Debug|Any CPU.Build.0 = Debug|Any CPU
		{891DCE8A-8D26-4E26-A8EA-A915EA3F0A84}.Release|Any CPU.ActiveCfg = Release|Any CPU
		{891DCE8A-8D26-4E26-A8EA-A915EA3F0A84}.Release|Any CPU.Build.0 = Release|Any CPU
		{CFABA65D-4ADA-4529-A053-09C39332E2F2}.Debug|Any CPU.ActiveCfg = Debug|Any CPU
		{CFABA65D-4ADA-4529-A053-09C39332E2F2}.Debug|Any CPU.Build.0 = Debug|Any CPU
		{CFABA65D-4ADA-4529-A053-09C39332E2F2}.Release|Any CPU.ActiveCfg = Release|Any CPU
		{CFABA65D-4ADA-4529-A053-09C39332E2F2}.Release|Any CPU.Build.0 = Release|Any CPU
	EndGlobalSection
	GlobalSection(SolutionProperties) = preSolution
		HideSolutionNode = FALSE
	EndGlobalSection
	GlobalSection(ExtensibilityGlobals) = postSolution
		SolutionGuid = {B336C6F8-0E97-407C-9BBD-F6C4ABE9F012}
	EndGlobalSection
EndGlobal
